{
  "version": 4,
  "terraform_version": "1.4.6",
  "serial": 180,
  "lineage": "906dd14b-41b8-461f-99d1-96406622129d",
  "outputs": {
    "backend_server_ip": {
      "value": "192.168.0.6",
      "type": "string"
    },
    "web_serverip": {
      "value": "192.168.0.11",
      "type": "string"
    }
  },
  "resources": [
    {
      "mode": "managed",
      "type": "openstack_blockstorage_volume_v2",
      "name": "backend_volume",
      "provider": "provider[\"registry.terraform.io/terraform-provider-openstack/openstack\"]",
      "instances": [
        {
          "schema_version": 0,
          "attributes": {
            "attachment": [
              {
                "device": "/dev/sdb",
                "id": "4bcca6b4-98ed-42d2-b5d7-a2340c7c186c",
                "instance_id": "bb956b12-e246-4338-89e6-e83cffefe9b3"
              }
            ],
            "availability_zone": "nova",
            "consistency_group_id": null,
            "description": "",
            "id": "4bcca6b4-98ed-42d2-b5d7-a2340c7c186c",
            "image_id": null,
            "metadata": {
              "attached_mode": "rw"
            },
            "name": "backend_volume",
            "region": "",
            "scheduler_hints": [],
            "size": 10,
            "snapshot_id": "",
            "source_replica": null,
            "source_vol_id": "",
            "timeouts": null,
            "volume_type": ""
          },
          "sensitive_attributes": [],
          "private": "eyJlMmJmYjczMC1lY2FhLTExZTYtOGY4OC0zNDM2M2JjN2M0YzAiOnsiY3JlYXRlIjo2MDAwMDAwMDAwMDAsImRlbGV0ZSI6NjAwMDAwMDAwMDAwfX0="
        }
      ]
    },
    {
      "mode": "managed",
      "type": "openstack_blockstorage_volume_v2",
      "name": "web_volume",
      "provider": "provider[\"registry.terraform.io/terraform-provider-openstack/openstack\"]",
      "instances": [
        {
          "schema_version": 0,
          "attributes": {
            "attachment": [
              {
                "device": "/dev/sdb",
                "id": "ea1386ea-f985-47dc-ac6e-8fab5d15ca72",
                "instance_id": "665553b6-91ec-4601-a7ee-4efb6c35c8c0"
              }
            ],
            "availability_zone": "nova",
            "consistency_group_id": null,
            "description": "",
            "id": "ea1386ea-f985-47dc-ac6e-8fab5d15ca72",
            "image_id": null,
            "metadata": {
              "attached_mode": "rw"
            },
            "name": "web_volume",
            "region": "",
            "scheduler_hints": [],
            "size": 10,
            "snapshot_id": "",
            "source_replica": null,
            "source_vol_id": "",
            "timeouts": null,
            "volume_type": ""
          },
          "sensitive_attributes": [],
          "private": "eyJlMmJmYjczMC1lY2FhLTExZTYtOGY4OC0zNDM2M2JjN2M0YzAiOnsiY3JlYXRlIjo2MDAwMDAwMDAwMDAsImRlbGV0ZSI6NjAwMDAwMDAwMDAwfX0="
        }
      ]
    },
    {
      "mode": "managed",
      "type": "openstack_compute_floatingip_associate_v2",
      "name": "fip_1",
      "provider": "provider[\"registry.terraform.io/terraform-provider-openstack/openstack\"]",
      "instances": [
        {
          "schema_version": 0,
          "attributes": {
            "fixed_ip": "192.168.0.11",
            "floating_ip": "194.47.178.234",
            "id": "194.47.178.234/665553b6-91ec-4601-a7ee-4efb6c35c8c0/192.168.0.11",
            "instance_id": "665553b6-91ec-4601-a7ee-4efb6c35c8c0",
            "region": "",
            "timeouts": null,
            "wait_until_associated": null
          },
          "sensitive_attributes": [],
          "private": "eyJlMmJmYjczMC1lY2FhLTExZTYtOGY4OC0zNDM2M2JjN2M0YzAiOnsiY3JlYXRlIjo2MDAwMDAwMDAwMDB9fQ==",
          "dependencies": [
            "openstack_compute_instance_v2.web_server",
            "openstack_networking_floatingip_v2.fip_1"
          ]
        }
      ]
    },
    {
      "mode": "managed",
      "type": "openstack_compute_floatingip_associate_v2",
      "name": "fip_2",
      "provider": "provider[\"registry.terraform.io/terraform-provider-openstack/openstack\"]",
      "instances": [
        {
          "schema_version": 0,
          "attributes": {
            "fixed_ip": "192.168.0.6",
            "floating_ip": "194.47.178.180",
            "id": "194.47.178.180/bb956b12-e246-4338-89e6-e83cffefe9b3/192.168.0.6",
            "instance_id": "bb956b12-e246-4338-89e6-e83cffefe9b3",
            "region": "",
            "timeouts": null,
            "wait_until_associated": null
          },
          "sensitive_attributes": [],
          "private": "eyJlMmJmYjczMC1lY2FhLTExZTYtOGY4OC0zNDM2M2JjN2M0YzAiOnsiY3JlYXRlIjo2MDAwMDAwMDAwMDB9fQ==",
          "dependencies": [
            "openstack_compute_instance_v2.backend_server",
            "openstack_networking_floatingip_v2.fip_2"
          ]
        }
      ]
    },
    {
      "mode": "managed",
      "type": "openstack_compute_instance_v2",
      "name": "backend_server",
      "provider": "provider[\"registry.terraform.io/terraform-provider-openstack/openstack\"]",
      "instances": [
        {
          "schema_version": 0,
          "attributes": {
            "access_ip_v4": "192.168.0.6",
            "access_ip_v6": "",
            "admin_pass": null,
            "all_metadata": {},
            "all_tags": [],
            "availability_zone": "Research-3",
            "availability_zone_hints": null,
            "block_device": [],
            "config_drive": null,
            "created": "2023-05-08 20:26:48 +0000 UTC",
            "flavor_id": "c2-r4-d20",
            "flavor_name": "c2-r4-d20",
            "floating_ip": null,
            "force_delete": false,
            "id": "bb956b12-e246-4338-89e6-e83cffefe9b3",
            "image_id": "ca4bec1a-ac25-434f-b14c-ad8078ccf39f",
            "image_name": "Ubuntu server 20.04",
            "key_pair": "tk222vz_Keypair",
            "metadata": null,
            "name": "backend server",
            "network": [
              {
                "access_network": false,
                "fixed_ip_v4": "192.168.0.6",
                "fixed_ip_v6": "",
                "floating_ip": "",
                "mac": "fa:16:3e:f4:86:1a",
                "name": "mynetwork",
                "port": "",
                "uuid": "07c8a7fd-b1c7-447f-b665-8d18009c378f"
              }
            ],
            "network_mode": null,
            "personality": [],
            "power_state": "active",
            "region": "",
            "scheduler_hints": [],
            "security_groups": [
              "default",
              "ssh"
            ],
            "stop_before_destroy": false,
            "tags": [],
            "timeouts": null,
            "updated": "2023-05-08 20:27:05 +0000 UTC",
            "user_data": null,
            "vendor_options": [],
            "volume": []
          },
          "sensitive_attributes": [],
          "private": "eyJlMmJmYjczMC1lY2FhLTExZTYtOGY4OC0zNDM2M2JjN2M0YzAiOnsiY3JlYXRlIjoxODAwMDAwMDAwMDAwLCJkZWxldGUiOjE4MDAwMDAwMDAwMDAsInVwZGF0ZSI6MTgwMDAwMDAwMDAwMH19"
        }
      ]
    },
    {
      "mode": "managed",
      "type": "openstack_compute_instance_v2",
      "name": "web_server",
      "provider": "provider[\"registry.terraform.io/terraform-provider-openstack/openstack\"]",
      "instances": [
        {
          "schema_version": 0,
          "attributes": {
            "access_ip_v4": "192.168.0.11",
            "access_ip_v6": "",
            "admin_pass": null,
            "all_metadata": {},
            "all_tags": [],
            "availability_zone": "Research-3",
            "availability_zone_hints": null,
            "block_device": [],
            "config_drive": null,
            "created": "2023-05-08 20:26:47 +0000 UTC",
            "flavor_id": "c2-r4-d20",
            "flavor_name": "c2-r4-d20",
            "floating_ip": null,
            "force_delete": false,
            "id": "665553b6-91ec-4601-a7ee-4efb6c35c8c0",
            "image_id": "ca4bec1a-ac25-434f-b14c-ad8078ccf39f",
            "image_name": "Ubuntu server 20.04",
            "key_pair": "tk222vz_Keypair",
            "metadata": null,
            "name": "web server",
            "network": [
              {
                "access_network": false,
                "fixed_ip_v4": "192.168.0.11",
                "fixed_ip_v6": "",
                "floating_ip": "",
                "mac": "fa:16:3e:f0:8e:2a",
                "name": "mynetwork",
                "port": "",
                "uuid": "07c8a7fd-b1c7-447f-b665-8d18009c378f"
              }
            ],
            "network_mode": null,
            "personality": [],
            "power_state": "active",
            "region": "",
            "scheduler_hints": [],
            "security_groups": [
              "default",
              "ssh"
            ],
            "stop_before_destroy": false,
            "tags": [],
            "timeouts": null,
            "updated": "2023-05-08 20:27:02 +0000 UTC",
            "user_data": null,
            "vendor_options": [],
            "volume": []
          },
          "sensitive_attributes": [],
          "private": "eyJlMmJmYjczMC1lY2FhLTExZTYtOGY4OC0zNDM2M2JjN2M0YzAiOnsiY3JlYXRlIjoxODAwMDAwMDAwMDAwLCJkZWxldGUiOjE4MDAwMDAwMDAwMDAsInVwZGF0ZSI6MTgwMDAwMDAwMDAwMH19"
        }
      ]
    },
    {
      "mode": "managed",
      "type": "openstack_compute_volume_attach_v2",
      "name": "va_1",
      "provider": "provider[\"registry.terraform.io/terraform-provider-openstack/openstack\"]",
      "instances": [
        {
          "schema_version": 0,
          "attributes": {
            "device": "/dev/sdb",
            "id": "665553b6-91ec-4601-a7ee-4efb6c35c8c0/ea1386ea-f985-47dc-ac6e-8fab5d15ca72",
            "instance_id": "665553b6-91ec-4601-a7ee-4efb6c35c8c0",
            "multiattach": null,
            "region": "",
            "timeouts": null,
            "vendor_options": [],
            "volume_id": "ea1386ea-f985-47dc-ac6e-8fab5d15ca72"
          },
          "sensitive_attributes": [],
          "private": "eyJlMmJmYjczMC1lY2FhLTExZTYtOGY4OC0zNDM2M2JjN2M0YzAiOnsiY3JlYXRlIjo2MDAwMDAwMDAwMDAsImRlbGV0ZSI6NjAwMDAwMDAwMDAwfX0=",
          "dependencies": [
            "openstack_blockstorage_volume_v2.web_volume",
            "openstack_compute_instance_v2.web_server"
          ]
        }
      ]
    },
    {
      "mode": "managed",
      "type": "openstack_compute_volume_attach_v2",
      "name": "va_2",
      "provider": "provider[\"registry.terraform.io/terraform-provider-openstack/openstack\"]",
      "instances": [
        {
          "schema_version": 0,
          "attributes": {
            "device": "/dev/sdb",
            "id": "bb956b12-e246-4338-89e6-e83cffefe9b3/4bcca6b4-98ed-42d2-b5d7-a2340c7c186c",
            "instance_id": "bb956b12-e246-4338-89e6-e83cffefe9b3",
            "multiattach": null,
            "region": "",
            "timeouts": null,
            "vendor_options": [],
            "volume_id": "4bcca6b4-98ed-42d2-b5d7-a2340c7c186c"
          },
          "sensitive_attributes": [],
          "private": "eyJlMmJmYjczMC1lY2FhLTExZTYtOGY4OC0zNDM2M2JjN2M0YzAiOnsiY3JlYXRlIjo2MDAwMDAwMDAwMDAsImRlbGV0ZSI6NjAwMDAwMDAwMDAwfX0=",
          "dependencies": [
            "openstack_blockstorage_volume_v2.backend_volume",
            "openstack_compute_instance_v2.backend_server"
          ]
        }
      ]
    },
    {
      "mode": "managed",
      "type": "openstack_networking_floatingip_v2",
      "name": "fip_1",
      "provider": "provider[\"registry.terraform.io/terraform-provider-openstack/openstack\"]",
      "instances": [
        {
          "schema_version": 0,
          "attributes": {
            "address": "194.47.178.234",
            "all_tags": [],
            "description": "",
            "dns_domain": "",
            "dns_name": "",
            "fixed_ip": "192.168.0.11",
            "id": "ee8227c5-4dc6-4210-adac-1b73f1d596f5",
            "pool": "public",
            "port_id": "9e453b03-6a36-4d11-aa37-2d401c5b503c",
            "region": "",
            "subnet_id": null,
            "subnet_ids": null,
            "tags": [],
            "tenant_id": "121d61138ab749898ff05107e865d377",
            "timeouts": null,
            "value_specs": null
          },
          "sensitive_attributes": [],
          "private": "eyJlMmJmYjczMC1lY2FhLTExZTYtOGY4OC0zNDM2M2JjN2M0YzAiOnsiY3JlYXRlIjo2MDAwMDAwMDAwMDAsImRlbGV0ZSI6NjAwMDAwMDAwMDAwfX0="
        }
      ]
    },
    {
      "mode": "managed",
      "type": "openstack_networking_floatingip_v2",
      "name": "fip_2",
      "provider": "provider[\"registry.terraform.io/terraform-provider-openstack/openstack\"]",
      "instances": [
        {
          "schema_version": 0,
          "attributes": {
            "address": "194.47.178.180",
            "all_tags": [],
            "description": "",
            "dns_domain": "",
            "dns_name": "",
            "fixed_ip": "192.168.0.6",
            "id": "3329a850-8f1e-4984-8fd7-7ef6ffa59a17",
            "pool": "public",
            "port_id": "2a90aacd-b74c-4a7a-8476-c6338dfc27f0",
            "region": "",
            "subnet_id": null,
            "subnet_ids": null,
            "tags": [],
            "tenant_id": "121d61138ab749898ff05107e865d377",
            "timeouts": null,
            "value_specs": null
          },
          "sensitive_attributes": [],
          "private": "eyJlMmJmYjczMC1lY2FhLTExZTYtOGY4OC0zNDM2M2JjN2M0YzAiOnsiY3JlYXRlIjo2MDAwMDAwMDAwMDAsImRlbGV0ZSI6NjAwMDAwMDAwMDAwfX0="
        }
      ]
    }
  ],
  "check_results": null
}
